header:
  version: 14
  includes:
    - repo: meta-qcom
      file: ci/base.lock.yml

overrides:
  repos:
    meta-qcom:
      commit: 0397e374458f3ffff89cd6401cac40cef1371f58
    meta-qcom-distro:
      commit: 805634470ec74ae15ca04b4f164a608f06b362fa
    meta-qcom-arduino:
      commit: 35f3dfdd4dca56d0df60b621ff8fd70a8043bcfd
